// !$*UTF8*$!
{
	archiveVersion = 1;
	classes = {
	};
	objectVersion = 56;
	objects = {

/* Begin PBXBuildFile section */
		032940A12C34AC8600D1F866 /* WidgetKit.framework in Frameworks */ = {isa = PBXBuildFile; fileRef = 032940A02C34AC8600D1F866 /* WidgetKit.framework */; };
		032940A32C34AC8600D1F866 /* SwiftUI.framework in Frameworks */ = {isa = PBXBuildFile; fileRef = 032940A22C34AC8600D1F866 /* SwiftUI.framework */; };
		032940A62C34AC8600D1F866 /* DeviceWidgetBundle.swift in Sources */ = {isa = PBXBuildFile; fileRef = 032940A52C34AC8600D1F866 /* DeviceWidgetBundle.swift */; };
		032940A82C34AC8600D1F866 /* DeviceWidget.swift in Sources */ = {isa = PBXBuildFile; fileRef = 032940A72C34AC8600D1F866 /* DeviceWidget.swift */; };
		032940AA2C34AC8700D1F866 /* Assets.xcassets in Resources */ = {isa = PBXBuildFile; fileRef = 032940A92C34AC8700D1F866 /* Assets.xcassets */; };
		032940AF2C34AC8700D1F866 /* DeviceWidgetExtension.appex in Embed Foundation Extensions */ = {isa = PBXBuildFile; fileRef = 0329409E2C34AC8600D1F866 /* DeviceWidgetExtension.appex */; settings = {ATTRIBUTES = (RemoveHeadersOnCopy, ); }; };
		0375C5D92C45C702005FC086 /* BluetoothDevices.swift in Sources */ = {isa = PBXBuildFile; fileRef = 03DFDCC12C315BC8008D6FBD /* BluetoothDevices.swift */; };
		03CA58CE2C41C99500B19996 /* ConnectionIntent.swift in Sources */ = {isa = PBXBuildFile; fileRef = 03CA58CD2C41C99500B19996 /* ConnectionIntent.swift */; };
		03CA58CF2C41C99500B19996 /* ConnectionIntent.swift in Sources */ = {isa = PBXBuildFile; fileRef = 03CA58CD2C41C99500B19996 /* ConnectionIntent.swift */; };
		03CA58D22C41CF4100B19996 /* WidgetBridge.swift in Sources */ = {isa = PBXBuildFile; fileRef = 03CA58D12C41CF4100B19996 /* WidgetBridge.swift */; };
		03CA58D32C41CF4100B19996 /* WidgetBridge.swift in Sources */ = {isa = PBXBuildFile; fileRef = 03CA58D12C41CF4100B19996 /* WidgetBridge.swift */; };
		03DFDCB22C315725008D6FBD /* ParseBluetoothDevicesApp.swift in Sources */ = {isa = PBXBuildFile; fileRef = 03DFDCB12C315725008D6FBD /* ParseBluetoothDevicesApp.swift */; };
		03DFDCB42C315725008D6FBD /* ContentView.swift in Sources */ = {isa = PBXBuildFile; fileRef = 03DFDCB32C315725008D6FBD /* ContentView.swift */; };
		03DFDCB62C315726008D6FBD /* Assets.xcassets in Resources */ = {isa = PBXBuildFile; fileRef = 03DFDCB52C315726008D6FBD /* Assets.xcassets */; };
		03DFDCB92C315726008D6FBD /* Preview Assets.xcassets in Resources */ = {isa = PBXBuildFile; fileRef = 03DFDCB82C315726008D6FBD /* Preview Assets.xcassets */; };
		03DFDCC22C315BC8008D6FBD /* BluetoothDevices.swift in Sources */ = {isa = PBXBuildFile; fileRef = 03DFDCC12C315BC8008D6FBD /* BluetoothDevices.swift */; };
/* End PBXBuildFile section */

/* Begin PBXContainerItemProxy section */
		032940AD2C34AC8700D1F866 /* PBXContainerItemProxy */ = {
			isa = PBXContainerItemProxy;
			containerPortal = 03DFDCA62C315725008D6FBD /* Project object */;
			proxyType = 1;
			remoteGlobalIDString = 0329409D2C34AC8600D1F866;
			remoteInfo = DeviceWidgetExtension;
		};
/* End PBXContainerItemProxy section */

/* Begin PBXCopyFilesBuildPhase section */
		032940B02C34AC8700D1F866 /* Embed Foundation Extensions */ = {
			isa = PBXCopyFilesBuildPhase;
			buildActionMask = 2147483647;
			dstPath = "";
			dstSubfolderSpec = 13;
			files = (
				032940AF2C34AC8700D1F866 /* DeviceWidgetExtension.appex in Embed Foundation Extensions */,
			);
			name = "Embed Foundation Extensions";
			runOnlyForDeploymentPostprocessing = 0;
		};
/* End PBXCopyFilesBuildPhase section */

/* Begin PBXFileReference section */
		0329409E2C34AC8600D1F866 /* DeviceWidgetExtension.appex */ = {isa = PBXFileReference; explicitFileType = "wrapper.app-extension"; includeInIndex = 0; path = DeviceWidgetExtension.appex; sourceTree = BUILT_PRODUCTS_DIR; };
		032940A02C34AC8600D1F866 /* WidgetKit.framework */ = {isa = PBXFileReference; lastKnownFileType = wrapper.framework; name = WidgetKit.framework; path = System/Library/Frameworks/WidgetKit.framework; sourceTree = SDKROOT; };
		032940A22C34AC8600D1F866 /* SwiftUI.framework */ = {isa = PBXFileReference; lastKnownFileType = wrapper.framework; name = SwiftUI.framework; path = System/Library/Frameworks/SwiftUI.framework; sourceTree = SDKROOT; };
		032940A52C34AC8600D1F866 /* DeviceWidgetBundle.swift */ = {isa = PBXFileReference; lastKnownFileType = sourcecode.swift; path = DeviceWidgetBundle.swift; sourceTree = "<group>"; };
		032940A72C34AC8600D1F866 /* DeviceWidget.swift */ = {isa = PBXFileReference; lastKnownFileType = sourcecode.swift; path = DeviceWidget.swift; sourceTree = "<group>"; };
		032940A92C34AC8700D1F866 /* Assets.xcassets */ = {isa = PBXFileReference; lastKnownFileType = folder.assetcatalog; path = Assets.xcassets; sourceTree = "<group>"; };
		032940AB2C34AC8700D1F866 /* Info.plist */ = {isa = PBXFileReference; lastKnownFileType = text.plist.xml; path = Info.plist; sourceTree = "<group>"; };
		032940AC2C34AC8700D1F866 /* DeviceWidget.entitlements */ = {isa = PBXFileReference; lastKnownFileType = text.plist.entitlements; path = DeviceWidget.entitlements; sourceTree = "<group>"; };
		03CA58CD2C41C99500B19996 /* ConnectionIntent.swift */ = {isa = PBXFileReference; lastKnownFileType = sourcecode.swift; path = ConnectionIntent.swift; sourceTree = "<group>"; };
		03CA58D12C41CF4100B19996 /* WidgetBridge.swift */ = {isa = PBXFileReference; lastKnownFileType = sourcecode.swift; path = WidgetBridge.swift; sourceTree = "<group>"; };
		03DFDCAE2C315725008D6FBD /* ParseBluetoothDevices.app */ = {isa = PBXFileReference; explicitFileType = wrapper.application; includeInIndex = 0; path = ParseBluetoothDevices.app; sourceTree = BUILT_PRODUCTS_DIR; };
		03DFDCB12C315725008D6FBD /* ParseBluetoothDevicesApp.swift */ = {isa = PBXFileReference; lastKnownFileType = sourcecode.swift; path = ParseBluetoothDevicesApp.swift; sourceTree = "<group>"; };
		03DFDCB32C315725008D6FBD /* ContentView.swift */ = {isa = PBXFileReference; lastKnownFileType = sourcecode.swift; path = ContentView.swift; sourceTree = "<group>"; };
		03DFDCB52C315726008D6FBD /* Assets.xcassets */ = {isa = PBXFileReference; lastKnownFileType = folder.assetcatalog; path = Assets.xcassets; sourceTree = "<group>"; };
		03DFDCB82C315726008D6FBD /* Preview Assets.xcassets */ = {isa = PBXFileReference; lastKnownFileType = folder.assetcatalog; path = "Preview Assets.xcassets"; sourceTree = "<group>"; };
		03DFDCBA2C315726008D6FBD /* ParseBluetoothDevices.entitlements */ = {isa = PBXFileReference; lastKnownFileType = text.plist.entitlements; path = ParseBluetoothDevices.entitlements; sourceTree = "<group>"; };
		03DFDCC02C315AA4008D6FBD /* Info.plist */ = {isa = PBXFileReference; lastKnownFileType = text.plist; path = Info.plist; sourceTree = "<group>"; };
		03DFDCC12C315BC8008D6FBD /* BluetoothDevices.swift */ = {isa = PBXFileReference; lastKnownFileType = sourcecode.swift; path = BluetoothDevices.swift; sourceTree = "<group>"; };
/* End PBXFileReference section */

/* Begin PBXFrameworksBuildPhase section */
		0329409B2C34AC8600D1F866 /* Frameworks */ = {
			isa = PBXFrameworksBuildPhase;
			buildActionMask = 2147483647;
			files = (
				032940A32C34AC8600D1F866 /* SwiftUI.framework in Frameworks */,
				032940A12C34AC8600D1F866 /* WidgetKit.framework in Frameworks */,
			);
			runOnlyForDeploymentPostprocessing = 0;
		};
		03DFDCAB2C315725008D6FBD /* Frameworks */ = {
			isa = PBXFrameworksBuildPhase;
			buildActionMask = 2147483647;
			files = (
			);
			runOnlyForDeploymentPostprocessing = 0;
		};
/* End PBXFrameworksBuildPhase section */

/* Begin PBXGroup section */
		0329409F2C34AC8600D1F866 /* Frameworks */ = {
			isa = PBXGroup;
			children = (
				032940A02C34AC8600D1F866 /* WidgetKit.framework */,
				032940A22C34AC8600D1F866 /* SwiftUI.framework */,
			);
			name = Frameworks;
			sourceTree = "<group>";
		};
		032940A42C34AC8600D1F866 /* DeviceWidget */ = {
			isa = PBXGroup;
			children = (
				032940A52C34AC8600D1F866 /* DeviceWidgetBundle.swift */,
				032940A72C34AC8600D1F866 /* DeviceWidget.swift */,
				032940A92C34AC8700D1F866 /* Assets.xcassets */,
				032940AB2C34AC8700D1F866 /* Info.plist */,
				032940AC2C34AC8700D1F866 /* DeviceWidget.entitlements */,
				03CA58CD2C41C99500B19996 /* ConnectionIntent.swift */,
			);
			path = DeviceWidget;
			sourceTree = "<group>";
		};
		03CA58D02C41CF0900B19996 /* Shared */ = {
			isa = PBXGroup;
			children = (
				03DFDCC12C315BC8008D6FBD /* BluetoothDevices.swift */,
				03CA58D12C41CF4100B19996 /* WidgetBridge.swift */,
			);
			path = Shared;
			sourceTree = "<group>";
		};
		03DFDCA52C315725008D6FBD = {
			isa = PBXGroup;
			children = (
				03CA58D02C41CF0900B19996 /* Shared */,
				03DFDCB02C315725008D6FBD /* ParseBluetoothDevices */,
				032940A42C34AC8600D1F866 /* DeviceWidget */,
				0329409F2C34AC8600D1F866 /* Frameworks */,
				03DFDCAF2C315725008D6FBD /* Products */,
			);
			sourceTree = "<group>";
		};
		03DFDCAF2C315725008D6FBD /* Products */ = {
			isa = PBXGroup;
			children = (
				03DFDCAE2C315725008D6FBD /* ParseBluetoothDevices.app */,
				0329409E2C34AC8600D1F866 /* DeviceWidgetExtension.appex */,
			);
			name = Products;
			sourceTree = "<group>";
		};
		03DFDCB02C315725008D6FBD /* ParseBluetoothDevices */ = {
			isa = PBXGroup;
			children = (
				03DFDCC02C315AA4008D6FBD /* Info.plist */,
				03DFDCB12C315725008D6FBD /* ParseBluetoothDevicesApp.swift */,
				03DFDCB32C315725008D6FBD /* ContentView.swift */,
				03DFDCB52C315726008D6FBD /* Assets.xcassets */,
				03DFDCBA2C315726008D6FBD /* ParseBluetoothDevices.entitlements */,
				03DFDCB72C315726008D6FBD /* Preview Content */,
			);
			path = ParseBluetoothDevices;
			sourceTree = "<group>";
		};
		03DFDCB72C315726008D6FBD /* Preview Content */ = {
			isa = PBXGroup;
			children = (
				03DFDCB82C315726008D6FBD /* Preview Assets.xcassets */,
			);
			path = "Preview Content";
			sourceTree = "<group>";
		};
/* End PBXGroup section */

/* Begin PBXNativeTarget section */
		0329409D2C34AC8600D1F866 /* DeviceWidgetExtension */ = {
			isa = PBXNativeTarget;
			buildConfigurationList = 032940B32C34AC8700D1F866 /* Build configuration list for PBXNativeTarget "DeviceWidgetExtension" */;
			buildPhases = (
				0329409A2C34AC8600D1F866 /* Sources */,
				0329409B2C34AC8600D1F866 /* Frameworks */,
				0329409C2C34AC8600D1F866 /* Resources */,
			);
			buildRules = (
			);
			dependencies = (
			);
			name = DeviceWidgetExtension;
			productName = DeviceWidgetExtension;
			productReference = 0329409E2C34AC8600D1F866 /* DeviceWidgetExtension.appex */;
			productType = "com.apple.product-type.app-extension";
		};
		03DFDCAD2C315725008D6FBD /* ParseBluetoothDevices */ = {
			isa = PBXNativeTarget;
			buildConfigurationList = 03DFDCBD2C315726008D6FBD /* Build configuration list for PBXNativeTarget "ParseBluetoothDevices" */;
			buildPhases = (
				03DFDCAA2C315725008D6FBD /* Sources */,
				03DFDCAB2C315725008D6FBD /* Frameworks */,
				03DFDCAC2C315725008D6FBD /* Resources */,
				032940B02C34AC8700D1F866 /* Embed Foundation Extensions */,
			);
			buildRules = (
			);
			dependencies = (
				032940AE2C34AC8700D1F866 /* PBXTargetDependency */,
			);
			name = ParseBluetoothDevices;
			productName = ParseBluetoothDevices;
			productReference = 03DFDCAE2C315725008D6FBD /* ParseBluetoothDevices.app */;
			productType = "com.apple.product-type.application";
		};
/* End PBXNativeTarget section */

/* Begin PBXProject section */
		03DFDCA62C315725008D6FBD /* Project object */ = {
			isa = PBXProject;
			attributes = {
				BuildIndependentTargetsInParallel = 1;
				LastSwiftUpdateCheck = 1540;
				LastUpgradeCheck = 1540;
				TargetAttributes = {
					0329409D2C34AC8600D1F866 = {
						CreatedOnToolsVersion = 15.4;
					};
					03DFDCAD2C315725008D6FBD = {
						CreatedOnToolsVersion = 15.4;
					};
				};
			};
			buildConfigurationList = 03DFDCA92C315725008D6FBD /* Build configuration list for PBXProject "ParseBluetoothDevices" */;
			compatibilityVersion = "Xcode 14.0";
			developmentRegion = en;
			hasScannedForEncodings = 0;
			knownRegions = (
				en,
				Base,
			);
			mainGroup = 03DFDCA52C315725008D6FBD;
			productRefGroup = 03DFDCAF2C315725008D6FBD /* Products */;
			projectDirPath = "";
			projectRoot = "";
			targets = (
				03DFDCAD2C315725008D6FBD /* ParseBluetoothDevices */,
				0329409D2C34AC8600D1F866 /* DeviceWidgetExtension */,
			);
		};
/* End PBXProject section */

/* Begin PBXResourcesBuildPhase section */
		0329409C2C34AC8600D1F866 /* Resources */ = {
			isa = PBXResourcesBuildPhase;
			buildActionMask = 2147483647;
			files = (
				032940AA2C34AC8700D1F866 /* Assets.xcassets in Resources */,
			);
			runOnlyForDeploymentPostprocessing = 0;
		};
		03DFDCAC2C315725008D6FBD /* Resources */ = {
			isa = PBXResourcesBuildPhase;
			buildActionMask = 2147483647;
			files = (
				03DFDCB92C315726008D6FBD /* Preview Assets.xcassets in Resources */,
				03DFDCB62C315726008D6FBD /* Assets.xcassets in Resources */,
			);
			runOnlyForDeploymentPostprocessing = 0;
		};
/* End PBXResourcesBuildPhase section */

/* Begin PBXSourcesBuildPhase section */
		0329409A2C34AC8600D1F866 /* Sources */ = {
			isa = PBXSourcesBuildPhase;
			buildActionMask = 2147483647;
			files = (
				032940A62C34AC8600D1F866 /* DeviceWidgetBundle.swift in Sources */,
				032940A82C34AC8600D1F866 /* DeviceWidget.swift in Sources */,
				0375C5D92C45C702005FC086 /* BluetoothDevices.swift in Sources */,
				03CA58D32C41CF4100B19996 /* WidgetBridge.swift in Sources */,
				03CA58CF2C41C99500B19996 /* ConnectionIntent.swift in Sources */,
			);
			runOnlyForDeploymentPostprocessing = 0;
		};
		03DFDCAA2C315725008D6FBD /* Sources */ = {
			isa = PBXSourcesBuildPhase;
			buildActionMask = 2147483647;
			files = (
				03DFDCB42C315725008D6FBD /* ContentView.swift in Sources */,
				03DFDCB22C315725008D6FBD /* ParseBluetoothDevicesApp.swift in Sources */,
				03CA58D22C41CF4100B19996 /* WidgetBridge.swift in Sources */,
				03DFDCC22C315BC8008D6FBD /* BluetoothDevices.swift in Sources */,
				03CA58CE2C41C99500B19996 /* ConnectionIntent.swift in Sources */,
			);
			runOnlyForDeploymentPostprocessing = 0;
		};
/* End PBXSourcesBuildPhase section */

/* Begin PBXTargetDependency section */
		032940AE2C34AC8700D1F866 /* PBXTargetDependency */ = {
			isa = PBXTargetDependency;
			target = 0329409D2C34AC8600D1F866 /* DeviceWidgetExtension */;
			targetProxy = 032940AD2C34AC8700D1F866 /* PBXContainerItemProxy */;
		};
/* End PBXTargetDependency section */

/* Begin XCBuildConfiguration section */
		032940B12C34AC8700D1F866 /* Debug */ = {
			isa = XCBuildConfiguration;
			buildSettings = {
				ASSETCATALOG_COMPILER_GLOBAL_ACCENT_COLOR_NAME = AccentColor;
				ASSETCATALOG_COMPILER_WIDGET_BACKGROUND_COLOR_NAME = WidgetBackground;
				CODE_SIGN_ENTITLEMENTS = DeviceWidget/DeviceWidget.entitlements;
				CODE_SIGN_STYLE = Automatic;
				CURRENT_PROJECT_VERSION = 1;
				DEVELOPMENT_TEAM = 9H5767C6UN;
				GENERATE_INFOPLIST_FILE = YES;
				INFOPLIST_FILE = DeviceWidget/Info.plist;
				INFOPLIST_KEY_CFBundleDisplayName = DeviceWidget;
				INFOPLIST_KEY_NSBluetoothAlwaysUsageDescription = ok;
				INFOPLIST_KEY_NSBluetoothPeripheralUsageDescription = okok;
				INFOPLIST_KEY_NSHumanReadableCopyright = "";
				LD_RUNPATH_SEARCH_PATHS = (
					"$(inherited)",
					"@executable_path/../Frameworks",
					"@executable_path/../../../../Frameworks",
				);
				MARKETING_VERSION = 1.0;
				PRODUCT_BUNDLE_IDENTIFIER = com.jlbennett.ParseBluetoothDevices.DeviceWidget;
				PRODUCT_NAME = "$(TARGET_NAME)";
				SKIP_INSTALL = YES;
				SWIFT_EMIT_LOC_STRINGS = YES;
				SWIFT_VERSION = 5.0;
			};
			name = Debug;
		};
		032940B22C34AC8700D1F866 /* Release */ = {
			isa = XCBuildConfiguration;
			buildSettings = {
				ASSETCATALOG_COMPILER_GLOBAL_ACCENT_COLOR_NAME = AccentColor;
				ASSETCATALOG_COMPILER_WIDGET_BACKGROUND_COLOR_NAME = WidgetBackground;
				CODE_SIGN_ENTITLEMENTS = DeviceWidget/DeviceWidget.entitlements;
				CODE_SIGN_STYLE = Automatic;
				CURRENT_PROJECT_VERSION = 1;
				DEVELOPMENT_TEAM = 9H5767C6UN;
				GENERATE_INFOPLIST_FILE = YES;
				INFOPLIST_FILE = DeviceWidget/Info.plist;
				INFOPLIST_KEY_CFBundleDisplayName = DeviceWidget;
				INFOPLIST_KEY_NSBluetoothAlwaysUsageDescription = ok;
				INFOPLIST_KEY_NSBluetoothPeripheralUsageDescription = okok;
				INFOPLIST_KEY_NSHumanReadableCopyright = "";
				LD_RUNPATH_SEARCH_PATHS = (
					"$(inherited)",
					"@executable_path/../Frameworks",
					"@executable_path/../../../../Frameworks",
				);
				MARKETING_VERSION = 1.0;
				PRODUCT_BUNDLE_IDENTIFIER = com.jlbennett.ParseBluetoothDevices.DeviceWidget;
				PRODUCT_NAME = "$(TARGET_NAME)";
				SKIP_INSTALL = YES;
				SWIFT_EMIT_LOC_STRINGS = YES;
				SWIFT_VERSION = 5.0;
			};
			name = Release;
		};
		03DFDCBB2C315726008D6FBD /* Debug */ = {
			isa = XCBuildConfiguration;
			buildSettings = {
				ALWAYS_SEARCH_USER_PATHS = NO;
				ASSETCATALOG_COMPILER_GENERATE_SWIFT_ASSET_SYMBOL_EXTENSIONS = YES;
				CLANG_ANALYZER_NONNULL = YES;
				CLANG_ANALYZER_NUMBER_OBJECT_CONVERSION = YES_AGGRESSIVE;
				CLANG_CXX_LANGUAGE_STANDARD = "gnu++20";
				CLANG_ENABLE_MODULES = YES;
				CLANG_ENABLE_OBJC_ARC = YES;
				CLANG_ENABLE_OBJC_WEAK = YES;
				CLANG_WARN_BLOCK_CAPTURE_AUTORELEASING = YES;
				CLANG_WARN_BOOL_CONVERSION = YES;
				CLANG_WARN_COMMA = YES;
				CLANG_WARN_CONSTANT_CONVERSION = YES;
				CLANG_WARN_DEPRECATED_OBJC_IMPLEMENTATIONS = YES;
				CLANG_WARN_DIRECT_OBJC_ISA_USAGE = YES_ERROR;
				CLANG_WARN_DOCUMENTATION_COMMENTS = YES;
				CLANG_WARN_EMPTY_BODY = YES;
				CLANG_WARN_ENUM_CONVERSION = YES;
				CLANG_WARN_INFINITE_RECURSION = YES;
				CLANG_WARN_INT_CONVERSION = YES;
				CLANG_WARN_NON_LITERAL_NULL_CONVERSION = YES;
				CLANG_WARN_OBJC_IMPLICIT_RETAIN_SELF = YES;
				CLANG_WARN_OBJC_LITERAL_CONVERSION = YES;
				CLANG_WARN_OBJC_ROOT_CLASS = YES_ERROR;
				CLANG_WARN_QUOTED_INCLUDE_IN_FRAMEWORK_HEADER = YES;
				CLANG_WARN_RANGE_LOOP_ANALYSIS = YES;
				CLANG_WARN_STRICT_PROTOTYPES = YES;
				CLANG_WARN_SUSPICIOUS_MOVE = YES;
				CLANG_WARN_UNGUARDED_AVAILABILITY = YES_AGGRESSIVE;
				CLANG_WARN_UNREACHABLE_CODE = YES;
				CLANG_WARN__DUPLICATE_METHOD_MATCH = YES;
				COPY_PHASE_STRIP = NO;
				DEBUG_INFORMATION_FORMAT = dwarf;
				ENABLE_STRICT_OBJC_MSGSEND = YES;
				ENABLE_TESTABILITY = YES;
				ENABLE_USER_SCRIPT_SANDBOXING = YES;
				GCC_C_LANGUAGE_STANDARD = gnu17;
				GCC_DYNAMIC_NO_PIC = NO;
				GCC_NO_COMMON_BLOCKS = YES;
				GCC_OPTIMIZATION_LEVEL = 0;
				GCC_PREPROCESSOR_DEFINITIONS = (
					"DEBUG=1",
					"$(inherited)",
				);
				GCC_WARN_64_TO_32_BIT_CONVERSION = YES;
				GCC_WARN_ABOUT_RETURN_TYPE = YES_ERROR;
				GCC_WARN_UNDECLARED_SELECTOR = YES;
				GCC_WARN_UNINITIALIZED_AUTOS = YES_AGGRESSIVE;
				GCC_WARN_UNUSED_FUNCTION = YES;
				GCC_WARN_UNUSED_VARIABLE = YES;
				LOCALIZATION_PREFERS_STRING_CATALOGS = YES;
				MACOSX_DEPLOYMENT_TARGET = 14.5;
				MTL_ENABLE_DEBUG_INFO = INCLUDE_SOURCE;
				MTL_FAST_MATH = YES;
				ONLY_ACTIVE_ARCH = YES;
				SDKROOT = macosx;
				SWIFT_ACTIVE_COMPILATION_CONDITIONS = "DEBUG $(inherited)";
				SWIFT_OPTIMIZATION_LEVEL = "-Onone";
			};
			name = Debug;
		};
		03DFDCBC2C315726008D6FBD /* Release */ = {
			isa = XCBuildConfiguration;
			buildSettings = {
				ALWAYS_SEARCH_USER_PATHS = NO;
				ASSETCATALOG_COMPILER_GENERATE_SWIFT_ASSET_SYMBOL_EXTENSIONS = YES;
				CLANG_ANALYZER_NONNULL = YES;
				CLANG_ANALYZER_NUMBER_OBJECT_CONVERSION = YES_AGGRESSIVE;
				CLANG_CXX_LANGUAGE_STANDARD = "gnu++20";
				CLANG_ENABLE_MODULES = YES;
				CLANG_ENABLE_OBJC_ARC = YES;
				CLANG_ENABLE_OBJC_WEAK = YES;
				CLANG_WARN_BLOCK_CAPTURE_AUTORELEASING = YES;
				CLANG_WARN_BOOL_CONVERSION = YES;
				CLANG_WARN_COMMA = YES;
				CLANG_WARN_CONSTANT_CONVERSION = YES;
				CLANG_WARN_DEPRECATED_OBJC_IMPLEMENTATIONS = YES;
				CLANG_WARN_DIRECT_OBJC_ISA_USAGE = YES_ERROR;
				CLANG_WARN_DOCUMENTATION_COMMENTS = YES;
				CLANG_WARN_EMPTY_BODY = YES;
				CLANG_WARN_ENUM_CONVERSION = YES;
				CLANG_WARN_INFINITE_RECURSION = YES;
				CLANG_WARN_INT_CONVERSION = YES;
				CLANG_WARN_NON_LITERAL_NULL_CONVERSION = YES;
				CLANG_WARN_OBJC_IMPLICIT_RETAIN_SELF = YES;
				CLANG_WARN_OBJC_LITERAL_CONVERSION = YES;
				CLANG_WARN_OBJC_ROOT_CLASS = YES_ERROR;
				CLANG_WARN_QUOTED_INCLUDE_IN_FRAMEWORK_HEADER = YES;
				CLANG_WARN_RANGE_LOOP_ANALYSIS = YES;
				CLANG_WARN_STRICT_PROTOTYPES = YES;
				CLANG_WARN_SUSPICIOUS_MOVE = YES;
				CLANG_WARN_UNGUARDED_AVAILABILITY = YES_AGGRESSIVE;
				CLANG_WARN_UNREACHABLE_CODE = YES;
				CLANG_WARN__DUPLICATE_METHOD_MATCH = YES;
				COPY_PHASE_STRIP = NO;
				DEBUG_INFORMATION_FORMAT = "dwarf-with-dsym";
				ENABLE_NS_ASSERTIONS = NO;
				ENABLE_STRICT_OBJC_MSGSEND = YES;
				ENABLE_USER_SCRIPT_SANDBOXING = YES;
				GCC_C_LANGUAGE_STANDARD = gnu17;
				GCC_NO_COMMON_BLOCKS = YES;
				GCC_WARN_64_TO_32_BIT_CONVERSION = YES;
				GCC_WARN_ABOUT_RETURN_TYPE = YES_ERROR;
				GCC_WARN_UNDECLARED_SELECTOR = YES;
				GCC_WARN_UNINITIALIZED_AUTOS = YES_AGGRESSIVE;
				GCC_WARN_UNUSED_FUNCTION = YES;
				GCC_WARN_UNUSED_VARIABLE = YES;
				LOCALIZATION_PREFERS_STRING_CATALOGS = YES;
				MACOSX_DEPLOYMENT_TARGET = 14.5;
				MTL_ENABLE_DEBUG_INFO = NO;
				MTL_FAST_MATH = YES;
				SDKROOT = macosx;
				SWIFT_COMPILATION_MODE = wholemodule;
			};
			name = Release;
		};
		03DFDCBE2C315726008D6FBD /* Debug */ = {
			isa = XCBuildConfiguration;
			buildSettings = {
				ALWAYS_EMBED_SWIFT_STANDARD_LIBRARIES = YES;
				ASSETCATALOG_COMPILER_APPICON_NAME = AppIcon;
				ASSETCATALOG_COMPILER_GLOBAL_ACCENT_COLOR_NAME = AccentColor;
				CODE_SIGN_ENTITLEMENTS = ParseBluetoothDevices/ParseBluetoothDevices.entitlements;
				"CODE_SIGN_IDENTITY[sdk=macosx*]" = "Apple Development";
				CODE_SIGN_STYLE = Automatic;
				COMBINE_HIDPI_IMAGES = YES;
				CURRENT_PROJECT_VERSION = 1;
				DEVELOPMENT_ASSET_PATHS = "\"ParseBluetoothDevices/Preview Content\"";
				DEVELOPMENT_TEAM = 9H5767C6UN;
				ENABLE_PREVIEWS = YES;
				GENERATE_INFOPLIST_FILE = YES;
				INFOPLIST_FILE = ParseBluetoothDevices/Info.plist;
				INFOPLIST_KEY_NSBluetoothAlwaysUsageDescription = "Pls giv";
				INFOPLIST_KEY_NSBluetoothPeripheralUsageDescription = "Pls wrk";
				INFOPLIST_KEY_NSHumanReadableCopyright = "";
				LD_RUNPATH_SEARCH_PATHS = (
					"$(inherited)",
					"@executable_path/../Frameworks",
				);
				MARKETING_VERSION = 1.0;
				PRODUCT_BUNDLE_IDENTIFIER = com.jlbennett.ParseBluetoothDevices;
				PRODUCT_NAME = "$(TARGET_NAME)";
				SWIFT_EMIT_LOC_STRINGS = YES;
				SWIFT_VERSION = 5.0;
			};
			name = Debug;
		};
		03DFDCBF2C315726008D6FBD /* Release */ = {
			isa = XCBuildConfiguration;
			buildSettings = {
				ALWAYS_EMBED_SWIFT_STANDARD_LIBRARIES = YES;
				ASSETCATALOG_COMPILER_APPICON_NAME = AppIcon;
				ASSETCATALOG_COMPILER_GLOBAL_ACCENT_COLOR_NAME = AccentColor;
				CODE_SIGN_ENTITLEMENTS = ParseBluetoothDevices/ParseBluetoothDevices.entitlements;
				"CODE_SIGN_IDENTITY[sdk=macosx*]" = "Apple Development";
				CODE_SIGN_STYLE = Automatic;
				COMBINE_HIDPI_IMAGES = YES;
				CURRENT_PROJECT_VERSION = 1;
				DEVELOPMENT_ASSET_PATHS = "\"ParseBluetoothDevices/Preview Content\"";
				DEVELOPMENT_TEAM = 9H5767C6UN;
				ENABLE_PREVIEWS = YES;
				GENERATE_INFOPLIST_FILE = YES;
				INFOPLIST_FILE = ParseBluetoothDevices/Info.plist;
				INFOPLIST_KEY_NSBluetoothAlwaysUsageDescription = "Pls giv";
				INFOPLIST_KEY_NSBluetoothPeripheralUsageDescription = "Pls wrk";
				INFOPLIST_KEY_NSHumanReadableCopyright = "";
				LD_RUNPATH_SEARCH_PATHS = (
					"$(inherited)",
					"@executable_path/../Frameworks",
				);
				MARKETING_VERSION = 1.0;
				PRODUCT_BUNDLE_IDENTIFIER = com.jlbennett.ParseBluetoothDevices;
				PRODUCT_NAME = "$(TARGET_NAME)";
				SWIFT_EMIT_LOC_STRINGS = YES;
				SWIFT_VERSION = 5.0;
			};
			name = Release;
		};
/* End XCBuildConfiguration section */

/* Begin XCConfigurationList section */
		032940B32C34AC8700D1F866 /* Build configuration list for PBXNativeTarget "DeviceWidgetExtension" */ = {
			isa = XCConfigurationList;
			buildConfigurations = (
				032940B12C34AC8700D1F866 /* Debug */,
				032940B22C34AC8700D1F866 /* Release */,
			);
			defaultConfigurationIsVisible = 0;
			defaultConfigurationName = Release;
		};
		03DFDCA92C315725008D6FBD /* Build configuration list for PBXProject "ParseBluetoothDevices" */ = {
			isa = XCConfigurationList;
			buildConfigurations = (
				03DFDCBB2C315726008D6FBD /* Debug */,
				03DFDCBC2C315726008D6FBD /* Release */,
			);
			defaultConfigurationIsVisible = 0;
			defaultConfigurationName = Release;
		};
		03DFDCBD2C315726008D6FBD /* Build configuration list for PBXNativeTarget "ParseBluetoothDevices" */ = {
			isa = XCConfigurationList;
			buildConfigurations = (
				03DFDCBE2C315726008D6FBD /* Debug */,
				03DFDCBF2C315726008D6FBD /* Release */,
			);
			defaultConfigurationIsVisible = 0;
			defaultConfigurationName = Release;
		};
/* End XCConfigurationList section */
	};
	rootObject = 03DFDCA62C315725008D6FBD /* Project object */;
}
